// !$*UTF8*$!
{
	archiveVersion = 1;
	classes = {
	};
	objectVersion = 46;
	objects = {

/* Begin PBXBuildFile section */
		23B7A9511BF2AEAA007DDBB5 /* main.m in Sources */ = {isa = PBXBuildFile; fileRef = 23B7A9501BF2AEAA007DDBB5 /* main.m */; };
		23B7A9541BF2AEAA007DDBB5 /* AppDelegate.m in Sources */ = {isa = PBXBuildFile; fileRef = 23B7A9531BF2AEAA007DDBB5 /* AppDelegate.m */; };
		23B7A9571BF2AEAA007DDBB5 /* FirstViewController.m in Sources */ = {isa = PBXBuildFile; fileRef = 23B7A9561BF2AEAA007DDBB5 /* FirstViewController.m */; };
		23B7A95A1BF2AEAA007DDBB5 /* SecondViewController.m in Sources */ = {isa = PBXBuildFile; fileRef = 23B7A9591BF2AEAA007DDBB5 /* SecondViewController.m */; };
		23B7A95D1BF2AEAA007DDBB5 /* Main.storyboard in Resources */ = {isa = PBXBuildFile; fileRef = 23B7A95B1BF2AEAA007DDBB5 /* Main.storyboard */; };
		23B7A95F1BF2AEAA007DDBB5 /* Assets.xcassets in Resources */ = {isa = PBXBuildFile; fileRef = 23B7A95E1BF2AEAA007DDBB5 /* Assets.xcassets */; };
		23B7A9621BF2AEAA007DDBB5 /* LaunchScreen.storyboard in Resources */ = {isa = PBXBuildFile; fileRef = 23B7A9601BF2AEAA007DDBB5 /* LaunchScreen.storyboard */; };
/* End PBXBuildFile section */

/* Begin PBXFileReference section */
		23B7A94C1BF2AEAA007DDBB5 /* Training.app */ = {isa = PBXFileReference; explicitFileType = wrapper.application; includeInIndex = 0; path = Training.app; sourceTree = BUILT_PRODUCTS_DIR; };
		23B7A9501BF2AEAA007DDBB5 /* main.m */ = {isa = PBXFileReference; lastKnownFileType = sourcecode.c.objc; path = main.m; sourceTree = "<group>"; };
		23B7A9521BF2AEAA007DDBB5 /* AppDelegate.h */ = {isa = PBXFileReference; lastKnownFileType = sourcecode.c.h; path = AppDelegate.h; sourceTree = "<group>"; };
		23B7A9531BF2AEAA007DDBB5 /* AppDelegate.m */ = {isa = PBXFileReference; lastKnownFileType = sourcecode.c.objc; path = AppDelegate.m; sourceTree = "<group>"; };
		23B7A9551BF2AEAA007DDBB5 /* FirstViewController.h */ = {isa = PBXFileReference; lastKnownFileType = sourcecode.c.h; path = FirstViewController.h; sourceTree = "<group>"; };
		23B7A9561BF2AEAA007DDBB5 /* FirstViewController.m */ = {isa = PBXFileReference; lastKnownFileType = sourcecode.c.objc; path = FirstViewController.m; sourceTree = "<group>"; };
		23B7A9581BF2AEAA007DDBB5 /* SecondViewController.h */ = {isa = PBXFileReference; lastKnownFileType = sourcecode.c.h; path = SecondViewController.h; sourceTree = "<group>"; };
		23B7A9591BF2AEAA007DDBB5 /* SecondViewController.m */ = {isa = PBXFileReference; lastKnownFileType = sourcecode.c.objc; path = SecondViewController.m; sourceTree = "<group>"; };
		23B7A95C1BF2AEAA007DDBB5 /* Base */ = {isa = PBXFileReference; lastKnownFileType = file.storyboard; name = Base; path = Base.lproj/Main.storyboard; sourceTree = "<group>"; };
		23B7A95E1BF2AEAA007DDBB5 /* Assets.xcassets */ = {isa = PBXFileReference; lastKnownFileType = folder.assetcatalog; path = Assets.xcassets; sourceTree = "<group>"; };
		23B7A9611BF2AEAA007DDBB5 /* Base */ = {isa = PBXFileReference; lastKnownFileType = file.storyboard; name = Base; path = Base.lproj/LaunchScreen.storyboard; sourceTree = "<group>"; };
		23B7A9631BF2AEAA007DDBB5 /* Info.plist */ = {isa = PBXFileReference; lastKnownFileType = text.plist.xml; path = Info.plist; sourceTree = "<group>"; };
/* End PBXFileReference section */

/* Begin PBXFrameworksBuildPhase section */
		23B7A9491BF2AEAA007DDBB5 /* Frameworks */ = {
			isa = PBXFrameworksBuildPhase;
			buildActionMask = 2147483647;
			files = (
			);
			runOnlyForDeploymentPostprocessing = 0;
		};
/* End PBXFrameworksBuildPhase section */

/* Begin PBXGroup section */
		23B7A9431BF2AEAA007DDBB5 = {
			isa = PBXGroup;
			children = (
				23B7A94E1BF2AEAA007DDBB5 /* Training */,
				23B7A94D1BF2AEAA007DDBB5 /* Products */,
			);
			sourceTree = "<group>";
		};
		23B7A94D1BF2AEAA007DDBB5 /* Products */ = {
			isa = PBXGroup;
			children = (
				23B7A94C1BF2AEAA007DDBB5 /* Training.app */,
			);
			name = Products;
			sourceTree = "<group>";
		};
		23B7A94E1BF2AEAA007DDBB5 /* Training */ = {
			isa = PBXGroup;
			children = (
				23B7A9521BF2AEAA007DDBB5 /* AppDelegate.h */,
				23B7A9531BF2AEAA007DDBB5 /* AppDelegate.m */,
				23B7A9551BF2AEAA007DDBB5 /* FirstViewController.h */,
				23B7A9561BF2AEAA007DDBB5 /* FirstViewController.m */,
				23B7A9581BF2AEAA007DDBB5 /* SecondViewController.h */,
				23B7A9591BF2AEAA007DDBB5 /* SecondViewController.m */,
				23B7A95B1BF2AEAA007DDBB5 /* Main.storyboard */,
				23B7A95E1BF2AEAA007DDBB5 /* Assets.xcassets */,
				23B7A9601BF2AEAA007DDBB5 /* LaunchScreen.storyboard */,
				23B7A9631BF2AEAA007DDBB5 /* Info.plist */,
				23B7A94F1BF2AEAA007DDBB5 /* Supporting Files */,
			);
			path = Training;
			sourceTree = "<group>";
		};
		23B7A94F1BF2AEAA007DDBB5 /* Supporting Files */ = {
			isa = PBXGroup;
			children = (
				23B7A9501BF2AEAA007DDBB5 /* main.m */,
			);
			name = "Supporting Files";
			sourceTree = "<group>";
		};
/* End PBXGroup section */

/* Begin PBXNativeTarget section */
		23B7A94B1BF2AEAA007DDBB5 /* Training */ = {
			isa = PBXNativeTarget;
			buildConfigurationList = 23B7A9661BF2AEAA007DDBB5 /* Build configuration list for PBXNativeTarget "Training" */;
			buildPhases = (
				23B7A9481BF2AEAA007DDBB5 /* Sources */,
				23B7A9491BF2AEAA007DDBB5 /* Frameworks */,
				23B7A94A1BF2AEAA007DDBB5 /* Resources */,
			);
			buildRules = (
			);
			dependencies = (
			);
			name = Training;
			productName = Training;
			productReference = 23B7A94C1BF2AEAA007DDBB5 /* Training.app */;
			productType = "com.apple.product-type.application";
		};
/* End PBXNativeTarget section */

/* Begin PBXProject section */
		23B7A9441BF2AEAA007DDBB5 /* Project object */ = {
			isa = PBXProject;
			attributes = {
				LastUpgradeCheck = 0710;
				ORGANIZATIONNAME = "Fabio General";
				TargetAttributes = {
					23B7A94B1BF2AEAA007DDBB5 = {
						CreatedOnToolsVersion = 7.1;
						DevelopmentTeam = S52Y9YT3M3;
					};
				};
			};
			buildConfigurationList = 23B7A9471BF2AEAA007DDBB5 /* Build configuration list for PBXProject "Training" */;
			compatibilityVersion = "Xcode 3.2";
			developmentRegion = English;
			hasScannedForEncodings = 0;
			knownRegions = (
				en,
				Base,
			);
			mainGroup = 23B7A9431BF2AEAA007DDBB5;
			productRefGroup = 23B7A94D1BF2AEAA007DDBB5 /* Products */;
			projectDirPath = "";
			projectRoot = "";
			targets = (
				23B7A94B1BF2AEAA007DDBB5 /* Training */,
			);
		};
/* End PBXProject section */

/* Begin PBXResourcesBuildPhase section */
		23B7A94A1BF2AEAA007DDBB5 /* Resources */ = {
			isa = PBXResourcesBuildPhase;
			buildActionMask = 2147483647;
			files = (
				23B7A9621BF2AEAA007DDBB5 /* LaunchScreen.storyboard in Resources */,
				23B7A95F1BF2AEAA007DDBB5 /* Assets.xcassets in Resources */,
				23B7A95D1BF2AEAA007DDBB5 /* Main.storyboard in Resources */,
			);
			runOnlyForDeploymentPostprocessing = 0;
		};
/* End PBXResourcesBuildPhase section */

/* Begin PBXSourcesBuildPhase section */
		23B7A9481BF2AEAA007DDBB5 /* Sources */ = {
			isa = PBXSourcesBuildPhase;
			buildActionMask = 2147483647;
			files = (
				23B7A95A1BF2AEAA007DDBB5 /* SecondViewController.m in Sources */,
				23B7A9541BF2AEAA007DDBB5 /* AppDelegate.m in Sources */,
				23B7A9571BF2AEAA007DDBB5 /* FirstViewController.m in Sources */,
				23B7A9511BF2AEAA007DDBB5 /* main.m in Sources */,
			);
			runOnlyForDeploymentPostprocessing = 0;
		};
/* End PBXSourcesBuildPhase section */

/* Begin PBXVariantGroup section */
		23B7A95B1BF2AEAA007DDBB5 /* Main.storyboard */ = {
			isa = PBXVariantGroup;
			children = (
				23B7A95C1BF2AEAA007DDBB5 /* Base */,
			);
			name = Main.storyboard;
			sourceTree = "<group>";
		};
		23B7A9601BF2AEAA007DDBB5 /* LaunchScreen.storyboard */ = {
			isa = PBXVariantGroup;
			children = (
				23B7A9611BF2AEAA007DDBB5 /* Base */,
			);
			name = LaunchScreen.storyboard;
			sourceTree = "<group>";
		};
/* End PBXVariantGroup section */

/* Begin XCBuildConfiguration section */
		23B7A9641BF2AEAA007DDBB5 /* Debug */ = {
			isa = XCBuildConfiguration;
			buildSettings = {
				ALWAYS_SEARCH_USER_PATHS = NO;
				CLANG_CXX_LANGUAGE_STANDARD = "gnu++0x";
				CLANG_CXX_LIBRARY = "libc++";
				CLANG_ENABLE_MODULES = YES;
				CLANG_ENABLE_OBJC_ARC = YES;
				CLANG_WARN_BOOL_CONVERSION = YES;
				CLANG_WARN_CONSTANT_CONVERSION = YES;
				CLANG_WARN_DIRECT_OBJC_ISA_USAGE = YES_ERROR;
				CLANG_WARN_EMPTY_BODY = YES;
				CLANG_WARN_ENUM_CONVERSION = YES;
				CLANG_WARN_INT_CONVERSION = YES;
				CLANG_WARN_OBJC_ROOT_CLASS = YES_ERROR;
				CLANG_WARN_UNREACHABLE_CODE = YES;
				CLANG_WARN__DUPLICATE_METHOD_MATCH = YES;
				"CODE_SIGN_IDENTITY[sdk=iphoneos*]" = "iPhone Developer";
				COPY_PHASE_STRIP = NO;
				DEBUG_INFORMATION_FORMAT = dwarf;
				ENABLE_STRICT_OBJC_MSGSEND = YES;
				ENABLE_TESTABILITY = YES;
				GCC_C_LANGUAGE_STANDARD = gnu99;
				GCC_DYNAMIC_NO_PIC = NO;
				GCC_NO_COMMON_BLOCKS = YES;
				GCC_OPTIMIZATION_LEVEL = 0;
				GCC_PREPROCESSOR_DEFINITIONS = (
					"DEBUG=1",
					"$(inherited)",
				);
				GCC_WARN_64_TO_32_BIT_CONVERSION = YES;
				GCC_WARN_ABOUT_RETURN_TYPE = YES_ERROR;
				GCC_WARN_UNDECLARED_SELECTOR = YES;
				GCC_WARN_UNINITIALIZED_AUTOS = YES_AGGRESSIVE;
				GCC_WARN_UNUSED_FUNCTION = YES;
				GCC_WARN_UNUSED_VARIABLE = YES;
				IPHONEOS_DEPLOYMENT_TARGET = 9.1;
				MTL_ENABLE_DEBUG_INFO = YES;
				ONLY_ACTIVE_ARCH = YES;
				SDKROOT = iphoneos;
				TARGETED_DEVICE_FAMILY = "1,2";
			};
			name = Debug;
		};
		23B7A9651BF2AEAA007DDBB5 /* Release */ = {
			isa = XCBuildConfiguration;
			buildSettings = {
				ALWAYS_SEARCH_USER_PATHS = NO;
				CLANG_CXX_LANGUAGE_STANDARD = "gnu++0x";
				CLANG_CXX_LIBRARY = "libc++";
				CLANG_ENABLE_MODULES = YES;
				CLANG_ENABLE_OBJC_ARC = YES;
				CLANG_WARN_BOOL_CONVERSION = YES;
				CLANG_WARN_CONSTANT_CONVERSION = YES;
				CLANG_WARN_DIRECT_OBJC_ISA_USAGE = YES_ERROR;
				CLANG_WARN_EMPTY_BODY = YES;
				CLANG_WARN_ENUM_CONVERSION = YES;
				CLANG_WARN_INT_CONVERSION = YES;
				CLANG_WARN_OBJC_ROOT_CLASS = YES_ERROR;
				CLANG_WARN_UNREACHABLE_CODE = YES;
				CLANG_WARN__DUPLICATE_METHOD_MATCH = YES;
				"CODE_SIGN_IDENTITY[sdk=iphoneos*]" = "iPhone Developer";
				COPY_PHASE_STRIP = NO;
				DEBUG_INFORMATION_FORMAT = "dwarf-with-dsym";
				ENABLE_NS_ASSERTIONS = NO;
				ENABLE_STRICT_OBJC_MSGSEND = YES;
				GCC_C_LANGUAGE_STANDARD = gnu99;
				GCC_NO_COMMON_BLOCKS = YES;
				GCC_WARN_64_TO_32_BIT_CONVERSION = YES;
				GCC_WARN_ABOUT_RETURN_TYPE = YES_ERROR;
				GCC_WARN_UNDECLARED_SELECTOR = YES;
				GCC_WARN_UNINITIALIZED_AUTOS = YES_AGGRESSIVE;
				GCC_WARN_UNUSED_FUNCTION = YES;
				GCC_WARN_UNUSED_VARIABLE = YES;
				IPHONEOS_DEPLOYMENT_TARGET = 9.1;
				MTL_ENABLE_DEBUG_INFO = NO;
				SDKROOT = iphoneos;
				TARGETED_DEVICE_FAMILY = "1,2";
				VALIDATE_PRODUCT = YES;
			};
			name = Release;
		};
		23B7A9671BF2AEAA007DDBB5 /* Debug */ = {
			isa = XCBuildConfiguration;
			buildSettings = {
				ASSETCATALOG_COMPILER_APPICON_NAME = AppIcon;
				INFOPLIST_FILE = Training/Info.plist;
				LD_RUNPATH_SEARCH_PATHS = "$(inherited) @executable_path/Frameworks";
				PRODUCT_BUNDLE_IDENTIFIER = com.fabiogeneral.Training;
				PRODUCT_NAME = "$(TARGET_NAME)";
			};
			name = Debug;
		};
		23B7A9681BF2AEAA007DDBB5 /* Release */ = {
			isa = XCBuildConfiguration;
			buildSettings = {
				ASSETCATALOG_COMPILER_APPICON_NAME = AppIcon;
				INFOPLIST_FILE = Training/Info.plist;
				LD_RUNPATH_SEARCH_PATHS = "$(inherited) @executable_path/Frameworks";
				PRODUCT_BUNDLE_IDENTIFIER = com.fabiogeneral.Training;
				PRODUCT_NAME = "$(TARGET_NAME)";
			};
			name = Release;
		};
/* End XCBuildConfiguration section */

/* Begin XCConfigurationList section */
		23B7A9471BF2AEAA007DDBB5 /* Build configuration list for PBXProject "Training" */ = {
			isa = XCConfigurationList;
			buildConfigurations = (
				23B7A9641BF2AEAA007DDBB5 /* Debug */,
				23B7A9651BF2AEAA007DDBB5 /* Release */,
			);
			defaultConfigurationIsVisible = 0;
			defaultConfigurationName = Release;
		};
		23B7A9661BF2AEAA007DDBB5 /* Build configuration list for PBXNativeTarget "Training" */ = {
			isa = XCConfigurationList;
			buildConfigurations = (
				23B7A9671BF2AEAA007DDBB5 /* Debug */,
				23B7A9681BF2AEAA007DDBB5 /* Release */,
			);
			defaultConfigurationIsVisible = 0;
		};
/* End XCConfigurationList section */
	};
	rootObject = 23B7A9441BF2AEAA007DDBB5 /* Project object */;
}
